
Microsoft Visual Studio Solution File, Format Version 12.00
# Visual Studio Version 16
VisualStudioVersion = 16.0.30621.155
MinimumVisualStudioVersion = 10.0.40219.1
Project("{9A19103F-16F7-4668-BE54-9A1E7A4F7556}") = "Postmark.Email.Api", "Postmark.Email\Postmark.Email.Api\Postmark.Email.Api.csproj", "{67A0FE55-A5C8-41B5-B389-C27D5DEA8567}"
EndProject
Project("{9A19103F-16F7-4668-BE54-9A1E7A4F7556}") = "Postmark.Email.Model", "Postmark.Email\Postmark.Email.Model\Postmark.Email.Model.csproj", "{EC2384FA-CA32-4C4E-A651-E484569D8F15}"
EndProject
Project("{9A19103F-16F7-4668-BE54-9A1E7A4F7556}") = "Postmark.Email.Service", "Postmark.Email\Postmark.Email.Service\Postmark.Email.Service.csproj", "{71C6F837-360A-4EBA-8E0F-43987B910A15}"
EndProject
Global
	GlobalSection(SolutionConfigurationPlatforms) = preSolution
		Debug|Any CPU = Debug|Any CPU
		Release|Any CPU = Release|Any CPU
	EndGlobalSection
	GlobalSection(ProjectConfigurationPlatforms) = postSolution
		{67A0FE55-A5C8-41B5-B389-C27D5DEA8567}.Debug|Any CPU.ActiveCfg = Debug|Any CPU
		{67A0FE55-A5C8-41B5-B389-C27D5DEA8567}.Debug|Any CPU.Build.0 = Debug|Any CPU
		{67A0FE55-A5C8-41B5-B389-C27D5DEA8567}.Release|Any CPU.ActiveCfg = Release|Any CPU
		{67A0FE55-A5C8-41B5-B389-C27D5DEA8567}.Release|Any CPU.Build.0 = Release|Any CPU
		{EC2384FA-CA32-4C4E-A651-E484569D8F15}.Debug|Any CPU.ActiveCfg = Debug|Any CPU
		{EC2384FA-CA32-4C4E-A651-E484569D8F15}.Debug|Any CPU.Build.0 = Debug|Any CPU
		{EC2384FA-CA32-4C4E-A651-E484569D8F15}.Release|Any CPU.ActiveCfg = Release|Any CPU
		{EC2384FA-CA32-4C4E-A651-E484569D8F15}.Release|Any CPU.Build.0 = Release|Any CPU
		{71C6F837-360A-4EBA-8E0F-43987B910A15}.Debug|Any CPU.ActiveCfg = Debug|Any CPU
		{71C6F837-360A-4EBA-8E0F-43987B910A15}.Debug|Any CPU.Build.0 = Debug|Any CPU
		{71C6F837-360A-4EBA-8E0F-43987B910A15}.Release|Any CPU.ActiveCfg = Release|Any CPU
		{71C6F837-360A-4EBA-8E0F-43987B910A15}.Release|Any CPU.Build.0 = Release|Any CPU
	EndGlobalSection
	GlobalSection(SolutionProperties) = preSolution
		HideSolutionNode = FALSE
	EndGlobalSection
	GlobalSection(ExtensibilityGlobals) = postSolution
		SolutionGuid = {C8E83FAD-ED09-4769-9154-E11393B6774E}
	EndGlobalSection
EndGlobal
